{
  "requires": true,
  "lockfileVersion": 1,
  "dependencies": {
    "@angular/platform-browser": {
      "version": "14.0.2",
      "resolved": "https://registry.npmjs.org/@angular/platform-browser/-/platform-browser-14.0.2.tgz",
      "integrity": "sha512-FeBXo3GmJOGitBIKrpuZOfBpfDqMh4QqZZmHMIXunELgrG+a8XSoZZYwEgRNIOpxFduQnP2Qe6H6cYoVJfwcBg==",
      "requires": {
        "tslib": "^2.3.0"
      }
    },
    "@popperjs/core": {
      "version": "2.11.5",
      "resolved": "https://registry.npmjs.org/@popperjs/core/-/core-2.11.5.tgz",
      "integrity": "sha512-9X2obfABZuDVLCgPK9aX0a/x4jaOEweTTWE2+9sr0Qqqevj2Uv5XorvusThmc9XGYpS9yI+fhh8RTafBtGposw=="
    },
    "angular": {
      "version": "1.8.3",
      "resolved": "https://registry.npmjs.org/angular/-/angular-1.8.3.tgz",
      "integrity": "sha512-5qjkWIQQVsHj4Sb5TcEs4WZWpFeVFHXwxEBHUhrny41D8UrBAd6T/6nPPAsLngJCReIOqi95W3mxdveveutpZw=="
    },
    "angular-social-login": {
      "version": "0.0.1",
      "resolved": "https://registry.npmjs.org/angular-social-login/-/angular-social-login-0.0.1.tgz",
      "integrity": "sha1-GEDB5eVLRv2/Y7ARZdMHJQnrGZ8=",
      "requires": {
        "angular": ">= 1.2.0"
      }
    },
    "angularx-social-login": {
      "version": "4.1.0",
      "resolved": "https://registry.npmjs.org/angularx-social-login/-/angularx-social-login-4.1.0.tgz",
      "integrity": "sha512-nSYLvGhI7MZtN/RxRie5GEl/rytIJPRPeSQSgiXbDESJC9zjuik629kqMCPnLCRk5SfTBrXSNcpZ8X/5kgsDKg==",
      "requires": {
        "tslib": "^2.0.0"
      }
    },
    "tslib": {
      "version": "2.4.0",
      "resolved": "https://registry.npmjs.org/tslib/-/tslib-2.4.0.tgz",
      "integrity": "sha512-d6xOpEDfsi2CZVlPQzGeux8XMwLT9hssAsaPYExaQMuYskwb+x1x7J371tWlbBdWHroy99KnVB6qIkUbs5X3UQ=="
    }
  }
}
